
Microsoft Visual Studio Solution File, Format Version 12.00
# Visual Studio Version 17
VisualStudioVersion = 17.5.33516.290
MinimumVisualStudioVersion = 10.0.40219.1
Project("{FAE04EC0-301F-11D3-BF4B-00C04F79EFBC}") = "DE1805", "DE1805\DE1805.csproj", "{44F7362F-F1B0-49B2-8504-A71944E83878}"
EndProject
Global
	GlobalSection(SolutionConfigurationPlatforms) = preSolution
		Debug|Any CPU = Debug|Any CPU
		Release|Any CPU = Release|Any CPU
	EndGlobalSection
	GlobalSection(ProjectConfigurationPlatforms) = postSolution
		{44F7362F-F1B0-49B2-8504-A71944E83878}.Debug|Any CPU.ActiveCfg = Debug|Any CPU
		{44F7362F-F1B0-49B2-8504-A71944E83878}.Debug|Any CPU.Build.0 = Debug|Any CPU
		{44F7362F-F1B0-49B2-8504-A71944E83878}.Release|Any CPU.ActiveCfg = Release|Any CPU
		{44F7362F-F1B0-49B2-8504-A71944E83878}.Release|Any CPU.Build.0 = Release|Any CPU
	EndGlobalSection
	GlobalSection(SolutionProperties) = preSolution
		HideSolutionNode = FALSE
	EndGlobalSection
	GlobalSection(ExtensibilityGlobals) = postSolution
		SolutionGuid = {89228196-F3FD-4D5D-8FA5-848EB47003B4}
	EndGlobalSection
EndGlobal
